
Microsoft Visual Studio Solution File, Format Version 12.00
# Visual Studio 15
VisualStudioVersion = 15.0.28307.902
MinimumVisualStudioVersion = 10.0.40219.1
Project("{8BC9CEB8-8B4A-11D0-8D11-00A0C91BC942}") = "FluidSolver", "FluidSolver\FluidSolver.vcxproj", "{F0B594CD-02BB-4902-AA99-F282E90AE05C}"
	ProjectSection(ProjectDependencies) = postProject
		{56D44E37-6587-474D-8922-1D4FDC8AB511} = {56D44E37-6587-474D-8922-1D4FDC8AB511}
	EndProjectSection
EndProject
Project("{8BC9CEB8-8B4A-11D0-8D11-00A0C91BC942}") = "CuSolver", "CuSolver\CuSolver.vcxproj", "{56D44E37-6587-474D-8922-1D4FDC8AB511}"
EndProject
Global
	GlobalSection(SolutionConfigurationPlatforms) = preSolution
		Debug|x64 = Debug|x64
		Debug|x86 = Debug|x86
		Release|x64 = Release|x64
		Release|x86 = Release|x86
	EndGlobalSection
	GlobalSection(ProjectConfigurationPlatforms) = postSolution
		{F0B594CD-02BB-4902-AA99-F282E90AE05C}.Debug|x64.ActiveCfg = Debug|x64
		{F0B594CD-02BB-4902-AA99-F282E90AE05C}.Debug|x64.Build.0 = Debug|x64
		{F0B594CD-02BB-4902-AA99-F282E90AE05C}.Debug|x86.ActiveCfg = Debug|Win32
		{F0B594CD-02BB-4902-AA99-F282E90AE05C}.Debug|x86.Build.0 = Debug|Win32
		{F0B594CD-02BB-4902-AA99-F282E90AE05C}.Release|x64.ActiveCfg = Release|x64
		{F0B594CD-02BB-4902-AA99-F282E90AE05C}.Release|x64.Build.0 = Release|x64
		{F0B594CD-02BB-4902-AA99-F282E90AE05C}.Release|x86.ActiveCfg = Release|Win32
		{F0B594CD-02BB-4902-AA99-F282E90AE05C}.Release|x86.Build.0 = Release|Win32
		{56D44E37-6587-474D-8922-1D4FDC8AB511}.Debug|x64.ActiveCfg = Debug|x64
		{56D44E37-6587-474D-8922-1D4FDC8AB511}.Debug|x64.Build.0 = Debug|x64
		{56D44E37-6587-474D-8922-1D4FDC8AB511}.Debug|x86.ActiveCfg = Debug|x64
		{56D44E37-6587-474D-8922-1D4FDC8AB511}.Release|x64.ActiveCfg = Release|x64
		{56D44E37-6587-474D-8922-1D4FDC8AB511}.Release|x64.Build.0 = Release|x64
		{56D44E37-6587-474D-8922-1D4FDC8AB511}.Release|x86.ActiveCfg = Release|x64
	EndGlobalSection
	GlobalSection(SolutionProperties) = preSolution
		HideSolutionNode = FALSE
	EndGlobalSection
	GlobalSection(ExtensibilityGlobals) = postSolution
		SolutionGuid = {01E9370E-648D-4120-A60B-E0C7D113AC58}
	EndGlobalSection
EndGlobal
